
Microsoft Visual Studio Solution File, Format Version 12.00
# Visual Studio Version 17
VisualStudioVersion = 17.8.34525.116
MinimumVisualStudioVersion = 10.0.40219.1
Project("{9A19103F-16F7-4668-BE54-9A1E7A4F7556}") = "WEB", "WEB\WEB.csproj", "{DEED97AE-2505-4C2F-AF33-CBA59DD71B23}"
EndProject
Project("{9A19103F-16F7-4668-BE54-9A1E7A4F7556}") = "DAO", "..\..\..\Core\EmployeeManagementSystem\DAO\DAO.csproj", "{30CED61D-AF58-4DC5-A156-15EA5B5340E5}"
EndProject
Project("{FAE04EC0-301F-11D3-BF4B-00C04F79EFBC}") = "Service", "Service\Service.csproj", "{44169EE2-A10D-48E6-9B32-0C83AC336E0E}"
EndProject
Global
	GlobalSection(SolutionConfigurationPlatforms) = preSolution
		Debug|Any CPU = Debug|Any CPU
		Release|Any CPU = Release|Any CPU
	EndGlobalSection
	GlobalSection(ProjectConfigurationPlatforms) = postSolution
		{DEED97AE-2505-4C2F-AF33-CBA59DD71B23}.Debug|Any CPU.ActiveCfg = Debug|Any CPU
		{DEED97AE-2505-4C2F-AF33-CBA59DD71B23}.Debug|Any CPU.Build.0 = Debug|Any CPU
		{DEED97AE-2505-4C2F-AF33-CBA59DD71B23}.Release|Any CPU.ActiveCfg = Release|Any CPU
		{DEED97AE-2505-4C2F-AF33-CBA59DD71B23}.Release|Any CPU.Build.0 = Release|Any CPU
		{30CED61D-AF58-4DC5-A156-15EA5B5340E5}.Debug|Any CPU.ActiveCfg = Debug|Any CPU
		{30CED61D-AF58-4DC5-A156-15EA5B5340E5}.Debug|Any CPU.Build.0 = Debug|Any CPU
		{30CED61D-AF58-4DC5-A156-15EA5B5340E5}.Release|Any CPU.ActiveCfg = Release|Any CPU
		{30CED61D-AF58-4DC5-A156-15EA5B5340E5}.Release|Any CPU.Build.0 = Release|Any CPU
		{44169EE2-A10D-48E6-9B32-0C83AC336E0E}.Debug|Any CPU.ActiveCfg = Debug|Any CPU
		{44169EE2-A10D-48E6-9B32-0C83AC336E0E}.Debug|Any CPU.Build.0 = Debug|Any CPU
		{44169EE2-A10D-48E6-9B32-0C83AC336E0E}.Release|Any CPU.ActiveCfg = Release|Any CPU
		{44169EE2-A10D-48E6-9B32-0C83AC336E0E}.Release|Any CPU.Build.0 = Release|Any CPU
	EndGlobalSection
	GlobalSection(SolutionProperties) = preSolution
		HideSolutionNode = FALSE
	EndGlobalSection
	GlobalSection(ExtensibilityGlobals) = postSolution
		SolutionGuid = {FBC90662-920F-4ABB-A41F-3A1900B49348}
	EndGlobalSection
EndGlobal
